
Microsoft Visual Studio Solution File, Format Version 12.00
# Visual Studio Version 16
VisualStudioVersion = 16.0.29306.81
MinimumVisualStudioVersion = 10.0.40219.1
Project("{8BC9CEB8-8B4A-11D0-8D11-00A0C91BC942}") = "licensePlateReader", "licensePlateReader\licensePlateReader.vcxproj", "{3B505890-E97F-47E0-99C1-5B807C433694}"
EndProject
Global
	GlobalSection(SolutionConfigurationPlatforms) = preSolution
		Debug|x64 = Debug|x64
		Debug|x86 = Debug|x86
		Release|x64 = Release|x64
		Release|x86 = Release|x86
	EndGlobalSection
	GlobalSection(ProjectConfigurationPlatforms) = postSolution
		{3B505890-E97F-47E0-99C1-5B807C433694}.Debug|x64.ActiveCfg = Debug|x64
		{3B505890-E97F-47E0-99C1-5B807C433694}.Debug|x64.Build.0 = Debug|x64
		{3B505890-E97F-47E0-99C1-5B807C433694}.Debug|x86.ActiveCfg = Debug|Win32
		{3B505890-E97F-47E0-99C1-5B807C433694}.Debug|x86.Build.0 = Debug|Win32
		{3B505890-E97F-47E0-99C1-5B807C433694}.Release|x64.ActiveCfg = Release|x64
		{3B505890-E97F-47E0-99C1-5B807C433694}.Release|x64.Build.0 = Release|x64
		{3B505890-E97F-47E0-99C1-5B807C433694}.Release|x86.ActiveCfg = Release|Win32
		{3B505890-E97F-47E0-99C1-5B807C433694}.Release|x86.Build.0 = Release|Win32
	EndGlobalSection
	GlobalSection(SolutionProperties) = preSolution
		HideSolutionNode = FALSE
	EndGlobalSection
	GlobalSection(ExtensibilityGlobals) = postSolution
		SolutionGuid = {A8A2F68E-C926-4DA2-B770-AE63645C3D6F}
	EndGlobalSection
EndGlobal
